
Microsoft Visual Studio Solution File, Format Version 12.00
# Visual Studio 2013
VisualStudioVersion = 12.0.31101.0
MinimumVisualStudioVersion = 10.0.40219.1
Project("{FAE04EC0-301F-11D3-BF4B-00C04F79EFBC}") = "EbayAgentForm", "EbayAgentForm\EbayAgentForm.csproj", "{8933F267-1F28-4885-B31A-041F1239C5DF}"
EndProject
Project("{FAE04EC0-301F-11D3-BF4B-00C04F79EFBC}") = "eBay.Services", "eBay.Services\eBay.Services.csproj", "{742D29F1-BBCE-4C7F-ABA8-239DE44F8D60}"
EndProject
Project("{FAE04EC0-301F-11D3-BF4B-00C04F79EFBC}") = "AuctionManager", "AuctionManager\AuctionManager.csproj", "{6102585C-CDC0-4AA1-8EA9-68CAE355FA69}"
EndProject
Project("{FAE04EC0-301F-11D3-BF4B-00C04F79EFBC}") = "NaiveAgent", "NaiveAgent\NaiveAgent.csproj", "{6CAD0102-ED04-476E-B8E6-9552265CEEB1}"
EndProject
Global
	GlobalSection(SolutionConfigurationPlatforms) = preSolution
		Debug|Any CPU = Debug|Any CPU
		Release|Any CPU = Release|Any CPU
	EndGlobalSection
	GlobalSection(ProjectConfigurationPlatforms) = postSolution
		{8933F267-1F28-4885-B31A-041F1239C5DF}.Debug|Any CPU.ActiveCfg = Debug|Any CPU
		{8933F267-1F28-4885-B31A-041F1239C5DF}.Debug|Any CPU.Build.0 = Debug|Any CPU
		{8933F267-1F28-4885-B31A-041F1239C5DF}.Release|Any CPU.ActiveCfg = Release|Any CPU
		{8933F267-1F28-4885-B31A-041F1239C5DF}.Release|Any CPU.Build.0 = Release|Any CPU
		{742D29F1-BBCE-4C7F-ABA8-239DE44F8D60}.Debug|Any CPU.ActiveCfg = Debug|Any CPU
		{742D29F1-BBCE-4C7F-ABA8-239DE44F8D60}.Debug|Any CPU.Build.0 = Debug|Any CPU
		{742D29F1-BBCE-4C7F-ABA8-239DE44F8D60}.Release|Any CPU.ActiveCfg = Release|Any CPU
		{742D29F1-BBCE-4C7F-ABA8-239DE44F8D60}.Release|Any CPU.Build.0 = Release|Any CPU
		{6102585C-CDC0-4AA1-8EA9-68CAE355FA69}.Debug|Any CPU.ActiveCfg = Debug|Any CPU
		{6102585C-CDC0-4AA1-8EA9-68CAE355FA69}.Debug|Any CPU.Build.0 = Debug|Any CPU
		{6102585C-CDC0-4AA1-8EA9-68CAE355FA69}.Release|Any CPU.ActiveCfg = Release|Any CPU
		{6102585C-CDC0-4AA1-8EA9-68CAE355FA69}.Release|Any CPU.Build.0 = Release|Any CPU
		{6CAD0102-ED04-476E-B8E6-9552265CEEB1}.Debug|Any CPU.ActiveCfg = Debug|Any CPU
		{6CAD0102-ED04-476E-B8E6-9552265CEEB1}.Debug|Any CPU.Build.0 = Debug|Any CPU
		{6CAD0102-ED04-476E-B8E6-9552265CEEB1}.Release|Any CPU.ActiveCfg = Release|Any CPU
		{6CAD0102-ED04-476E-B8E6-9552265CEEB1}.Release|Any CPU.Build.0 = Release|Any CPU
	EndGlobalSection
	GlobalSection(SolutionProperties) = preSolution
		HideSolutionNode = FALSE
	EndGlobalSection
EndGlobal
